
Microsoft Visual Studio Solution File, Format Version 12.00
# Visual Studio Version 17
VisualStudioVersion = 17.2.32630.192
MinimumVisualStudioVersion = 10.0.40219.1
Project("{FAE04EC0-301F-11D3-BF4B-00C04F79EFBC}") = "UniversityApiBackend", "UniversityApiBackend\UniversityApiBackend.csproj", "{45ECE842-BB36-4D86-AD22-A0889B215DFF}"
EndProject
Global
	GlobalSection(SolutionConfigurationPlatforms) = preSolution
		Debug|Any CPU = Debug|Any CPU
		Release|Any CPU = Release|Any CPU
	EndGlobalSection
	GlobalSection(ProjectConfigurationPlatforms) = postSolution
		{45ECE842-BB36-4D86-AD22-A0889B215DFF}.Debug|Any CPU.ActiveCfg = Debug|Any CPU
		{45ECE842-BB36-4D86-AD22-A0889B215DFF}.Debug|Any CPU.Build.0 = Debug|Any CPU
		{45ECE842-BB36-4D86-AD22-A0889B215DFF}.Release|Any CPU.ActiveCfg = Release|Any CPU
		{45ECE842-BB36-4D86-AD22-A0889B215DFF}.Release|Any CPU.Build.0 = Release|Any CPU
	EndGlobalSection
	GlobalSection(SolutionProperties) = preSolution
		HideSolutionNode = FALSE
	EndGlobalSection
	GlobalSection(ExtensibilityGlobals) = postSolution
		SolutionGuid = {95F73904-2F36-4CDF-817B-8835D8BEC82F}
	EndGlobalSection
EndGlobal
